
Microsoft Visual Studio Solution File, Format Version 12.00
# Visual Studio Version 16
VisualStudioVersion = 16.0.28803.352
MinimumVisualStudioVersion = 10.0.40219.1
Project("{FAE04EC0-301F-11D3-BF4B-00C04F79EFBC}") = "WinScript", "WinScript\WinScript.csproj", "{EEC6EDCC-9FE0-4BE7-A551-D27D94E23604}"
EndProject
Global
	GlobalSection(SolutionConfigurationPlatforms) = preSolution
		Debug|Any CPU = Debug|Any CPU
		Release|Any CPU = Release|Any CPU
	EndGlobalSection
	GlobalSection(ProjectConfigurationPlatforms) = postSolution
		{EEC6EDCC-9FE0-4BE7-A551-D27D94E23604}.Debug|Any CPU.ActiveCfg = Debug|Any CPU
		{EEC6EDCC-9FE0-4BE7-A551-D27D94E23604}.Debug|Any CPU.Build.0 = Debug|Any CPU
		{EEC6EDCC-9FE0-4BE7-A551-D27D94E23604}.Release|Any CPU.ActiveCfg = Release|Any CPU
		{EEC6EDCC-9FE0-4BE7-A551-D27D94E23604}.Release|Any CPU.Build.0 = Release|Any CPU
	EndGlobalSection
	GlobalSection(SolutionProperties) = preSolution
		HideSolutionNode = FALSE
	EndGlobalSection
	GlobalSection(ExtensibilityGlobals) = postSolution
		SolutionGuid = {A1790BE1-97DC-450D-8727-68092143120D}
	EndGlobalSection
EndGlobal
